
Microsoft Visual Studio Solution File, Format Version 12.00
# Visual Studio Version 17
VisualStudioVersion = 17.9.34723.18
MinimumVisualStudioVersion = 10.0.40219.1
Project("{FAE04EC0-301F-11D3-BF4B-00C04F79EFBC}") = "PTOv4", "PTOv4.csproj", "{A98B6E6B-34D6-4D70-8EAE-7EFE36CF513D}"
EndProject
Global
	GlobalSection(SolutionConfigurationPlatforms) = preSolution
		Debug|Any CPU = Debug|Any CPU
		Release|Any CPU = Release|Any CPU
	EndGlobalSection
	GlobalSection(ProjectConfigurationPlatforms) = postSolution
		{A98B6E6B-34D6-4D70-8EAE-7EFE36CF513D}.Debug|Any CPU.ActiveCfg = Debug|Any CPU
		{A98B6E6B-34D6-4D70-8EAE-7EFE36CF513D}.Debug|Any CPU.Build.0 = Debug|Any CPU
		{A98B6E6B-34D6-4D70-8EAE-7EFE36CF513D}.Release|Any CPU.ActiveCfg = Release|Any CPU
		{A98B6E6B-34D6-4D70-8EAE-7EFE36CF513D}.Release|Any CPU.Build.0 = Release|Any CPU
	EndGlobalSection
	GlobalSection(SolutionProperties) = preSolution
		HideSolutionNode = FALSE
	EndGlobalSection
	GlobalSection(ExtensibilityGlobals) = postSolution
		SolutionGuid = {613BCE20-7FBC-4796-9E99-BC3A6DA7A39F}
	EndGlobalSection
EndGlobal
